
Microsoft Visual Studio Solution File, Format Version 12.00
# Visual Studio Version 16
VisualStudioVersion = 16.0.32002.261
MinimumVisualStudioVersion = 10.0.40219.1
Project("{FAE04EC0-301F-11D3-BF4B-00C04F79EFBC}") = "Plugin", "PegasusMiner Plugin\Plugin.csproj", "{AFB90305-232E-4D1B-9BAB-4DBF416B6F00}"
EndProject
Global
	GlobalSection(SolutionConfigurationPlatforms) = preSolution
		Debug|Any CPU = Debug|Any CPU
		Release|Any CPU = Release|Any CPU
	EndGlobalSection
	GlobalSection(ProjectConfigurationPlatforms) = postSolution
		{AFB90305-232E-4D1B-9BAB-4DBF416B6F00}.Debug|Any CPU.ActiveCfg = Debug|Any CPU
		{AFB90305-232E-4D1B-9BAB-4DBF416B6F00}.Debug|Any CPU.Build.0 = Debug|Any CPU
		{AFB90305-232E-4D1B-9BAB-4DBF416B6F00}.Release|Any CPU.ActiveCfg = Release|Any CPU
		{AFB90305-232E-4D1B-9BAB-4DBF416B6F00}.Release|Any CPU.Build.0 = Release|Any CPU
	EndGlobalSection
	GlobalSection(SolutionProperties) = preSolution
		HideSolutionNode = FALSE
	EndGlobalSection
	GlobalSection(ExtensibilityGlobals) = postSolution
		SolutionGuid = {451C6239-0F70-4899-8353-1584C3B3E157}
	EndGlobalSection
EndGlobal
