
Microsoft Visual Studio Solution File, Format Version 12.00
# Visual Studio Version 16
VisualStudioVersion = 16.0.31911.196
MinimumVisualStudioVersion = 10.0.40219.1
Project("{FAE04EC0-301F-11D3-BF4B-00C04F79EFBC}") = "Pegasus Hvnc C", "Pegasus Hvnc C\Pegasus Hvnc C.csproj", "{C42520BC-78A0-4AB0-9CA3-459D6DAC5670}"
EndProject
Global
	GlobalSection(SolutionConfigurationPlatforms) = preSolution
		Debug|Any CPU = Debug|Any CPU
		Release|Any CPU = Release|Any CPU
	EndGlobalSection
	GlobalSection(ProjectConfigurationPlatforms) = postSolution
		{C42520BC-78A0-4AB0-9CA3-459D6DAC5670}.Debug|Any CPU.ActiveCfg = Debug|Any CPU
		{C42520BC-78A0-4AB0-9CA3-459D6DAC5670}.Debug|Any CPU.Build.0 = Debug|Any CPU
		{C42520BC-78A0-4AB0-9CA3-459D6DAC5670}.Release|Any CPU.ActiveCfg = Release|Any CPU
		{C42520BC-78A0-4AB0-9CA3-459D6DAC5670}.Release|Any CPU.Build.0 = Release|Any CPU
	EndGlobalSection
	GlobalSection(SolutionProperties) = preSolution
		HideSolutionNode = FALSE
	EndGlobalSection
	GlobalSection(ExtensibilityGlobals) = postSolution
		SolutionGuid = {A710E630-D23A-44AC-9D3F-47D30FF186A6}
	EndGlobalSection
EndGlobal
