
Microsoft Visual Studio Solution File, Format Version 12.00
# Visual Studio Version 16
VisualStudioVersion = 16.0.31624.102
MinimumVisualStudioVersion = 10.0.40219.1
Project("{FAE04EC0-301F-11D3-BF4B-00C04F79EFBC}") = "VhVNC", "VhVNC.csproj", "{A1BFAC25-4AB3-4E02-A804-4761A8D263DA}"
EndProject
Global
	GlobalSection(SolutionConfigurationPlatforms) = preSolution
		Debug|Any CPU = Debug|Any CPU
		Release|Any CPU = Release|Any CPU
	EndGlobalSection
	GlobalSection(ProjectConfigurationPlatforms) = postSolution
		{A1BFAC25-4AB3-4E02-A804-4761A8D263DA}.Debug|Any CPU.ActiveCfg = Debug|Any CPU
		{A1BFAC25-4AB3-4E02-A804-4761A8D263DA}.Debug|Any CPU.Build.0 = Debug|Any CPU
		{A1BFAC25-4AB3-4E02-A804-4761A8D263DA}.Release|Any CPU.ActiveCfg = Release|Any CPU
		{A1BFAC25-4AB3-4E02-A804-4761A8D263DA}.Release|Any CPU.Build.0 = Release|Any CPU
	EndGlobalSection
	GlobalSection(SolutionProperties) = preSolution
		HideSolutionNode = FALSE
	EndGlobalSection
	GlobalSection(ExtensibilityGlobals) = postSolution
		SolutionGuid = {855E4FF8-1028-4912-A081-D104FBA008AE}
	EndGlobalSection
EndGlobal
